// !$*UTF8*$!
{
	archiveVersion = 1;
	classes = {
	};
	objectVersion = 56;
	objects = {

/* Begin PBXBuildFile section */
		3B16FA3B29E6921D00FEE11C /* TimerController.swift in Sources */ = {isa = PBXBuildFile; fileRef = 3B16FA3A29E6921D00FEE11C /* TimerController.swift */; };
		3B16FA3D29E6948A00FEE11C /* CustomSongButton.swift in Sources */ = {isa = PBXBuildFile; fileRef = 3B16FA3C29E6948A00FEE11C /* CustomSongButton.swift */; };
		3B36E2F029D01EF2005144A7 /* AppDelegate.swift in Sources */ = {isa = PBXBuildFile; fileRef = 3B36E2EF29D01EF2005144A7 /* AppDelegate.swift */; };
		3B36E2F229D01EF2005144A7 /* SceneDelegate.swift in Sources */ = {isa = PBXBuildFile; fileRef = 3B36E2F129D01EF2005144A7 /* SceneDelegate.swift */; };
		3B36E2F429D01EF2005144A7 /* AlarmController.swift in Sources */ = {isa = PBXBuildFile; fileRef = 3B36E2F329D01EF2005144A7 /* AlarmController.swift */; };
		3B36E2F929D01EF3005144A7 /* Assets.xcassets in Resources */ = {isa = PBXBuildFile; fileRef = 3B36E2F829D01EF3005144A7 /* Assets.xcassets */; };
		3B36E30629D0224D005144A7 /* StopWatchController.swift in Sources */ = {isa = PBXBuildFile; fileRef = 3B36E30529D0224D005144A7 /* StopWatchController.swift */; };
		3B36E30A29D023D9005144A7 /* WorldClockController.swift in Sources */ = {isa = PBXBuildFile; fileRef = 3B36E30929D023D9005144A7 /* WorldClockController.swift */; };
		3B36E30E29D06CC7005144A7 /* AddAlarmOptionsController.swift in Sources */ = {isa = PBXBuildFile; fileRef = 3B36E30D29D06CC7005144A7 /* AddAlarmOptionsController.swift */; };
		3B36E31029D0757B005144A7 /* AlarmOptionsTableViewCell.swift in Sources */ = {isa = PBXBuildFile; fileRef = 3B36E30F29D0757B005144A7 /* AlarmOptionsTableViewCell.swift */; };
		3B36E31329D0B6D1005144A7 /* AlarmListTableViewCell.swift in Sources */ = {isa = PBXBuildFile; fileRef = 3B36E31229D0B6D1005144A7 /* AlarmListTableViewCell.swift */; };
		3BEFEC3C29D4260A00DBBCA8 /* LapListTableViewCell.swift in Sources */ = {isa = PBXBuildFile; fileRef = 3BEFEC3B29D4260A00DBBCA8 /* LapListTableViewCell.swift */; };
/* End PBXBuildFile section */

/* Begin PBXFileReference section */
		3B16FA3A29E6921D00FEE11C /* TimerController.swift */ = {isa = PBXFileReference; lastKnownFileType = sourcecode.swift; path = TimerController.swift; sourceTree = "<group>"; };
		3B16FA3C29E6948A00FEE11C /* CustomSongButton.swift */ = {isa = PBXFileReference; lastKnownFileType = sourcecode.swift; path = CustomSongButton.swift; sourceTree = "<group>"; };
		3B36E2EC29D01EF2005144A7 /* Clock.app */ = {isa = PBXFileReference; explicitFileType = wrapper.application; includeInIndex = 0; path = Clock.app; sourceTree = BUILT_PRODUCTS_DIR; };
		3B36E2EF29D01EF2005144A7 /* AppDelegate.swift */ = {isa = PBXFileReference; lastKnownFileType = sourcecode.swift; path = AppDelegate.swift; sourceTree = "<group>"; };
		3B36E2F129D01EF2005144A7 /* SceneDelegate.swift */ = {isa = PBXFileReference; lastKnownFileType = sourcecode.swift; path = SceneDelegate.swift; sourceTree = "<group>"; };
		3B36E2F329D01EF2005144A7 /* AlarmController.swift */ = {isa = PBXFileReference; lastKnownFileType = sourcecode.swift; path = AlarmController.swift; sourceTree = "<group>"; };
		3B36E2F829D01EF3005144A7 /* Assets.xcassets */ = {isa = PBXFileReference; lastKnownFileType = folder.assetcatalog; path = Assets.xcassets; sourceTree = "<group>"; };
		3B36E2FD29D01EF3005144A7 /* Info.plist */ = {isa = PBXFileReference; lastKnownFileType = text.plist.xml; path = Info.plist; sourceTree = "<group>"; };
		3B36E30529D0224D005144A7 /* StopWatchController.swift */ = {isa = PBXFileReference; lastKnownFileType = sourcecode.swift; path = StopWatchController.swift; sourceTree = "<group>"; };
		3B36E30929D023D9005144A7 /* WorldClockController.swift */ = {isa = PBXFileReference; lastKnownFileType = sourcecode.swift; path = WorldClockController.swift; sourceTree = "<group>"; };
		3B36E30D29D06CC7005144A7 /* AddAlarmOptionsController.swift */ = {isa = PBXFileReference; lastKnownFileType = sourcecode.swift; path = AddAlarmOptionsController.swift; sourceTree = "<group>"; };
		3B36E30F29D0757B005144A7 /* AlarmOptionsTableViewCell.swift */ = {isa = PBXFileReference; lastKnownFileType = sourcecode.swift; path = AlarmOptionsTableViewCell.swift; sourceTree = "<group>"; };
		3B36E31229D0B6D1005144A7 /* AlarmListTableViewCell.swift */ = {isa = PBXFileReference; lastKnownFileType = sourcecode.swift; path = AlarmListTableViewCell.swift; sourceTree = "<group>"; };
		3BEFEC3B29D4260A00DBBCA8 /* LapListTableViewCell.swift */ = {isa = PBXFileReference; lastKnownFileType = sourcecode.swift; path = LapListTableViewCell.swift; sourceTree = "<group>"; };
/* End PBXFileReference section */

/* Begin PBXFrameworksBuildPhase section */
		3B36E2E929D01EF2005144A7 /* Frameworks */ = {
			isa = PBXFrameworksBuildPhase;
			buildActionMask = 2147483647;
			files = (
			);
			runOnlyForDeploymentPostprocessing = 0;
		};
/* End PBXFrameworksBuildPhase section */

/* Begin PBXGroup section */
		3B16FA3929E6921500FEE11C /* Timer */ = {
			isa = PBXGroup;
			children = (
				3B16FA3A29E6921D00FEE11C /* TimerController.swift */,
				3B16FA3C29E6948A00FEE11C /* CustomSongButton.swift */,
			);
			path = Timer;
			sourceTree = "<group>";
		};
		3B36E2E329D01EF2005144A7 = {
			isa = PBXGroup;
			children = (
				3B36E2EE29D01EF2005144A7 /* Clock */,
				3B36E2ED29D01EF2005144A7 /* Products */,
			);
			sourceTree = "<group>";
		};
		3B36E2ED29D01EF2005144A7 /* Products */ = {
			isa = PBXGroup;
			children = (
				3B36E2EC29D01EF2005144A7 /* Clock.app */,
			);
			name = Products;
			sourceTree = "<group>";
		};
		3B36E2EE29D01EF2005144A7 /* Clock */ = {
			isa = PBXGroup;
			children = (
				3B36E30329D0200F005144A7 /* Delegate */,
				3B36E30429D02019005144A7 /* View */,
				3B36E2F829D01EF3005144A7 /* Assets.xcassets */,
				3B36E2FD29D01EF3005144A7 /* Info.plist */,
			);
			path = Clock;
			sourceTree = "<group>";
		};
		3B36E30329D0200F005144A7 /* Delegate */ = {
			isa = PBXGroup;
			children = (
				3B36E2EF29D01EF2005144A7 /* AppDelegate.swift */,
				3B36E2F129D01EF2005144A7 /* SceneDelegate.swift */,
			);
			path = Delegate;
			sourceTree = "<group>";
		};
		3B36E30429D02019005144A7 /* View */ = {
			isa = PBXGroup;
			children = (
				3B16FA3929E6921500FEE11C /* Timer */,
				3B36E31129D0B526005144A7 /* Alarm */,
				3BEFEC3A29D4198800DBBCA8 /* StopWatches */,
				3B36E30929D023D9005144A7 /* WorldClockController.swift */,
			);
			path = View;
			sourceTree = "<group>";
		};
		3B36E31129D0B526005144A7 /* Alarm */ = {
			isa = PBXGroup;
			children = (
				3B36E2F329D01EF2005144A7 /* AlarmController.swift */,
				3B36E31229D0B6D1005144A7 /* AlarmListTableViewCell.swift */,
				3B36E30D29D06CC7005144A7 /* AddAlarmOptionsController.swift */,
				3B36E30F29D0757B005144A7 /* AlarmOptionsTableViewCell.swift */,
			);
			path = Alarm;
			sourceTree = "<group>";
		};
		3BEFEC3A29D4198800DBBCA8 /* StopWatches */ = {
			isa = PBXGroup;
			children = (
				3B36E30529D0224D005144A7 /* StopWatchController.swift */,
				3BEFEC3B29D4260A00DBBCA8 /* LapListTableViewCell.swift */,
			);
			path = StopWatches;
			sourceTree = "<group>";
		};
/* End PBXGroup section */

/* Begin PBXNativeTarget section */
		3B36E2EB29D01EF2005144A7 /* Clock */ = {
			isa = PBXNativeTarget;
			buildConfigurationList = 3B36E30029D01EF3005144A7 /* Build configuration list for PBXNativeTarget "Clock" */;
			buildPhases = (
				3B36E2E829D01EF2005144A7 /* Sources */,
				3B36E2E929D01EF2005144A7 /* Frameworks */,
				3B36E2EA29D01EF2005144A7 /* Resources */,
			);
			buildRules = (
			);
			dependencies = (
			);
			name = Clock;
			productName = Clock;
			productReference = 3B36E2EC29D01EF2005144A7 /* Clock.app */;
			productType = "com.apple.product-type.application";
		};
/* End PBXNativeTarget section */

/* Begin PBXProject section */
		3B36E2E429D01EF2005144A7 /* Project object */ = {
			isa = PBXProject;
			attributes = {
				BuildIndependentTargetsInParallel = 1;
				LastSwiftUpdateCheck = 1420;
				LastUpgradeCheck = 1420;
				TargetAttributes = {
					3B36E2EB29D01EF2005144A7 = {
						CreatedOnToolsVersion = 14.2;
					};
				};
			};
			buildConfigurationList = 3B36E2E729D01EF2005144A7 /* Build configuration list for PBXProject "Clock" */;
			compatibilityVersion = "Xcode 14.0";
			developmentRegion = en;
			hasScannedForEncodings = 0;
			knownRegions = (
				en,
				Base,
			);
			mainGroup = 3B36E2E329D01EF2005144A7;
			productRefGroup = 3B36E2ED29D01EF2005144A7 /* Products */;
			projectDirPath = "";
			projectRoot = "";
			targets = (
				3B36E2EB29D01EF2005144A7 /* Clock */,
			);
		};
/* End PBXProject section */

/* Begin PBXResourcesBuildPhase section */
		3B36E2EA29D01EF2005144A7 /* Resources */ = {
			isa = PBXResourcesBuildPhase;
			buildActionMask = 2147483647;
			files = (
				3B36E2F929D01EF3005144A7 /* Assets.xcassets in Resources */,
			);
			runOnlyForDeploymentPostprocessing = 0;
		};
/* End PBXResourcesBuildPhase section */

/* Begin PBXSourcesBuildPhase section */
		3B36E2E829D01EF2005144A7 /* Sources */ = {
			isa = PBXSourcesBuildPhase;
			buildActionMask = 2147483647;
			files = (
				3B36E2F429D01EF2005144A7 /* AlarmController.swift in Sources */,
				3B36E30629D0224D005144A7 /* StopWatchController.swift in Sources */,
				3B16FA3B29E6921D00FEE11C /* TimerController.swift in Sources */,
				3B36E30E29D06CC7005144A7 /* AddAlarmOptionsController.swift in Sources */,
				3B36E2F029D01EF2005144A7 /* AppDelegate.swift in Sources */,
				3BEFEC3C29D4260A00DBBCA8 /* LapListTableViewCell.swift in Sources */,
				3B36E31329D0B6D1005144A7 /* AlarmListTableViewCell.swift in Sources */,
				3B16FA3D29E6948A00FEE11C /* CustomSongButton.swift in Sources */,
				3B36E2F229D01EF2005144A7 /* SceneDelegate.swift in Sources */,
				3B36E30A29D023D9005144A7 /* WorldClockController.swift in Sources */,
				3B36E31029D0757B005144A7 /* AlarmOptionsTableViewCell.swift in Sources */,
			);
			runOnlyForDeploymentPostprocessing = 0;
		};
/* End PBXSourcesBuildPhase section */

/* Begin XCBuildConfiguration section */
		3B36E2FE29D01EF3005144A7 /* Debug */ = {
			isa = XCBuildConfiguration;
			buildSettings = {
				ALWAYS_SEARCH_USER_PATHS = NO;
				CLANG_ANALYZER_NONNULL = YES;
				CLANG_ANALYZER_NUMBER_OBJECT_CONVERSION = YES_AGGRESSIVE;
				CLANG_CXX_LANGUAGE_STANDARD = "gnu++20";
				CLANG_ENABLE_MODULES = YES;
				CLANG_ENABLE_OBJC_ARC = YES;
				CLANG_ENABLE_OBJC_WEAK = YES;
				CLANG_WARN_BLOCK_CAPTURE_AUTORELEASING = YES;
				CLANG_WARN_BOOL_CONVERSION = YES;
				CLANG_WARN_COMMA = YES;
				CLANG_WARN_CONSTANT_CONVERSION = YES;
				CLANG_WARN_DEPRECATED_OBJC_IMPLEMENTATIONS = YES;
				CLANG_WARN_DIRECT_OBJC_ISA_USAGE = YES_ERROR;
				CLANG_WARN_DOCUMENTATION_COMMENTS = YES;
				CLANG_WARN_EMPTY_BODY = YES;
				CLANG_WARN_ENUM_CONVERSION = YES;
				CLANG_WARN_INFINITE_RECURSION = YES;
				CLANG_WARN_INT_CONVERSION = YES;
				CLANG_WARN_NON_LITERAL_NULL_CONVERSION = YES;
				CLANG_WARN_OBJC_IMPLICIT_RETAIN_SELF = YES;
				CLANG_WARN_OBJC_LITERAL_CONVERSION = YES;
				CLANG_WARN_OBJC_ROOT_CLASS = YES_ERROR;
				CLANG_WARN_QUOTED_INCLUDE_IN_FRAMEWORK_HEADER = YES;
				CLANG_WARN_RANGE_LOOP_ANALYSIS = YES;
				CLANG_WARN_STRICT_PROTOTYPES = YES;
				CLANG_WARN_SUSPICIOUS_MOVE = YES;
				CLANG_WARN_UNGUARDED_AVAILABILITY = YES_AGGRESSIVE;
				CLANG_WARN_UNREACHABLE_CODE = YES;
				CLANG_WARN__DUPLICATE_METHOD_MATCH = YES;
				COPY_PHASE_STRIP = NO;
				DEBUG_INFORMATION_FORMAT = dwarf;
				ENABLE_STRICT_OBJC_MSGSEND = YES;
				ENABLE_TESTABILITY = YES;
				GCC_C_LANGUAGE_STANDARD = gnu11;
				GCC_DYNAMIC_NO_PIC = NO;
				GCC_NO_COMMON_BLOCKS = YES;
				GCC_OPTIMIZATION_LEVEL = 0;
				GCC_PREPROCESSOR_DEFINITIONS = (
					"DEBUG=1",
					"$(inherited)",
				);
				GCC_WARN_64_TO_32_BIT_CONVERSION = YES;
				GCC_WARN_ABOUT_RETURN_TYPE = YES_ERROR;
				GCC_WARN_UNDECLARED_SELECTOR = YES;
				GCC_WARN_UNINITIALIZED_AUTOS = YES_AGGRESSIVE;
				GCC_WARN_UNUSED_FUNCTION = YES;
				GCC_WARN_UNUSED_VARIABLE = YES;
				IPHONEOS_DEPLOYMENT_TARGET = 16.2;
				MTL_ENABLE_DEBUG_INFO = INCLUDE_SOURCE;
				MTL_FAST_MATH = YES;
				ONLY_ACTIVE_ARCH = YES;
				SDKROOT = iphoneos;
				SWIFT_ACTIVE_COMPILATION_CONDITIONS = DEBUG;
				SWIFT_OPTIMIZATION_LEVEL = "-Onone";
			};
			name = Debug;
		};
		3B36E2FF29D01EF3005144A7 /* Release */ = {
			isa = XCBuildConfiguration;
			buildSettings = {
				ALWAYS_SEARCH_USER_PATHS = NO;
				CLANG_ANALYZER_NONNULL = YES;
				CLANG_ANALYZER_NUMBER_OBJECT_CONVERSION = YES_AGGRESSIVE;
				CLANG_CXX_LANGUAGE_STANDARD = "gnu++20";
				CLANG_ENABLE_MODULES = YES;
				CLANG_ENABLE_OBJC_ARC = YES;
				CLANG_ENABLE_OBJC_WEAK = YES;
				CLANG_WARN_BLOCK_CAPTURE_AUTORELEASING = YES;
				CLANG_WARN_BOOL_CONVERSION = YES;
				CLANG_WARN_COMMA = YES;
				CLANG_WARN_CONSTANT_CONVERSION = YES;
				CLANG_WARN_DEPRECATED_OBJC_IMPLEMENTATIONS = YES;
				CLANG_WARN_DIRECT_OBJC_ISA_USAGE = YES_ERROR;
				CLANG_WARN_DOCUMENTATION_COMMENTS = YES;
				CLANG_WARN_EMPTY_BODY = YES;
				CLANG_WARN_ENUM_CONVERSION = YES;
				CLANG_WARN_INFINITE_RECURSION = YES;
				CLANG_WARN_INT_CONVERSION = YES;
				CLANG_WARN_NON_LITERAL_NULL_CONVERSION = YES;
				CLANG_WARN_OBJC_IMPLICIT_RETAIN_SELF = YES;
				CLANG_WARN_OBJC_LITERAL_CONVERSION = YES;
				CLANG_WARN_OBJC_ROOT_CLASS = YES_ERROR;
				CLANG_WARN_QUOTED_INCLUDE_IN_FRAMEWORK_HEADER = YES;
				CLANG_WARN_RANGE_LOOP_ANALYSIS = YES;
				CLANG_WARN_STRICT_PROTOTYPES = YES;
				CLANG_WARN_SUSPICIOUS_MOVE = YES;
				CLANG_WARN_UNGUARDED_AVAILABILITY = YES_AGGRESSIVE;
				CLANG_WARN_UNREACHABLE_CODE = YES;
				CLANG_WARN__DUPLICATE_METHOD_MATCH = YES;
				COPY_PHASE_STRIP = NO;
				DEBUG_INFORMATION_FORMAT = "dwarf-with-dsym";
				ENABLE_NS_ASSERTIONS = NO;
				ENABLE_STRICT_OBJC_MSGSEND = YES;
				GCC_C_LANGUAGE_STANDARD = gnu11;
				GCC_NO_COMMON_BLOCKS = YES;
				GCC_WARN_64_TO_32_BIT_CONVERSION = YES;
				GCC_WARN_ABOUT_RETURN_TYPE = YES_ERROR;
				GCC_WARN_UNDECLARED_SELECTOR = YES;
				GCC_WARN_UNINITIALIZED_AUTOS = YES_AGGRESSIVE;
				GCC_WARN_UNUSED_FUNCTION = YES;
				GCC_WARN_UNUSED_VARIABLE = YES;
				IPHONEOS_DEPLOYMENT_TARGET = 16.2;
				MTL_ENABLE_DEBUG_INFO = NO;
				MTL_FAST_MATH = YES;
				SDKROOT = iphoneos;
				SWIFT_COMPILATION_MODE = wholemodule;
				SWIFT_OPTIMIZATION_LEVEL = "-O";
				VALIDATE_PRODUCT = YES;
			};
			name = Release;
		};
		3B36E30129D01EF3005144A7 /* Debug */ = {
			isa = XCBuildConfiguration;
			buildSettings = {
				ASSETCATALOG_COMPILER_APPICON_NAME = AppIcon;
				ASSETCATALOG_COMPILER_GLOBAL_ACCENT_COLOR_NAME = AccentColor;
				CODE_SIGN_STYLE = Automatic;
				CURRENT_PROJECT_VERSION = 1;
				DEVELOPMENT_TEAM = SN5J3DYFX4;
				GENERATE_INFOPLIST_FILE = YES;
				INFOPLIST_FILE = Clock/Info.plist;
				INFOPLIST_KEY_UIApplicationSupportsIndirectInputEvents = YES;
				INFOPLIST_KEY_UILaunchStoryboardName = "";
				INFOPLIST_KEY_UIMainStoryboardFile = "";
				INFOPLIST_KEY_UISupportedInterfaceOrientations_iPad = "UIInterfaceOrientationPortrait UIInterfaceOrientationPortraitUpsideDown UIInterfaceOrientationLandscapeLeft UIInterfaceOrientationLandscapeRight";
				INFOPLIST_KEY_UISupportedInterfaceOrientations_iPhone = "UIInterfaceOrientationPortrait UIInterfaceOrientationLandscapeLeft UIInterfaceOrientationLandscapeRight";
				LD_RUNPATH_SEARCH_PATHS = (
					"$(inherited)",
					"@executable_path/Frameworks",
				);
				MARKETING_VERSION = 1.0;
				PRODUCT_BUNDLE_IDENTIFIER = JJ.Clock;
				PRODUCT_NAME = "$(TARGET_NAME)";
				SWIFT_EMIT_LOC_STRINGS = YES;
				SWIFT_VERSION = 5.0;
				TARGETED_DEVICE_FAMILY = "1,2";
			};
			name = Debug;
		};
		3B36E30229D01EF3005144A7 /* Release */ = {
			isa = XCBuildConfiguration;
			buildSettings = {
				ASSETCATALOG_COMPILER_APPICON_NAME = AppIcon;
				ASSETCATALOG_COMPILER_GLOBAL_ACCENT_COLOR_NAME = AccentColor;
				CODE_SIGN_STYLE = Automatic;
				CURRENT_PROJECT_VERSION = 1;
				DEVELOPMENT_TEAM = SN5J3DYFX4;
				GENERATE_INFOPLIST_FILE = YES;
				INFOPLIST_FILE = Clock/Info.plist;
				INFOPLIST_KEY_UIApplicationSupportsIndirectInputEvents = YES;
				INFOPLIST_KEY_UILaunchStoryboardName = "";
				INFOPLIST_KEY_UIMainStoryboardFile = "";
				INFOPLIST_KEY_UISupportedInterfaceOrientations_iPad = "UIInterfaceOrientationPortrait UIInterfaceOrientationPortraitUpsideDown UIInterfaceOrientationLandscapeLeft UIInterfaceOrientationLandscapeRight";
				INFOPLIST_KEY_UISupportedInterfaceOrientations_iPhone = "UIInterfaceOrientationPortrait UIInterfaceOrientationLandscapeLeft UIInterfaceOrientationLandscapeRight";
				LD_RUNPATH_SEARCH_PATHS = (
					"$(inherited)",
					"@executable_path/Frameworks",
				);
				MARKETING_VERSION = 1.0;
				PRODUCT_BUNDLE_IDENTIFIER = JJ.Clock;
				PRODUCT_NAME = "$(TARGET_NAME)";
				SWIFT_EMIT_LOC_STRINGS = YES;
				SWIFT_VERSION = 5.0;
				TARGETED_DEVICE_FAMILY = "1,2";
			};
			name = Release;
		};
/* End XCBuildConfiguration section */

/* Begin XCConfigurationList section */
		3B36E2E729D01EF2005144A7 /* Build configuration list for PBXProject "Clock" */ = {
			isa = XCConfigurationList;
			buildConfigurations = (
				3B36E2FE29D01EF3005144A7 /* Debug */,
				3B36E2FF29D01EF3005144A7 /* Release */,
			);
			defaultConfigurationIsVisible = 0;
			defaultConfigurationName = Release;
		};
		3B36E30029D01EF3005144A7 /* Build configuration list for PBXNativeTarget "Clock" */ = {
			isa = XCConfigurationList;
			buildConfigurations = (
				3B36E30129D01EF3005144A7 /* Debug */,
				3B36E30229D01EF3005144A7 /* Release */,
			);
			defaultConfigurationIsVisible = 0;
			defaultConfigurationName = Release;
		};
/* End XCConfigurationList section */
	};
	rootObject = 3B36E2E429D01EF2005144A7 /* Project object */;
}
